
Microsoft Visual Studio Solution File, Format Version 12.00
# Visual Studio 14
VisualStudioVersion = 14.0.25420.1
MinimumVisualStudioVersion = 10.0.40219.1
Project("{FAE04EC0-301F-11D3-BF4B-00C04F79EFBC}") = "WaveButton", "WaveButton\WaveButton.csproj", "{E344A397-206E-4024-B87B-E8A324C4F983}"
EndProject
Project("{FAE04EC0-301F-11D3-BF4B-00C04F79EFBC}") = "Controls", "Controls\Controls.csproj", "{53535DEC-C2BE-4786-B071-3750EC907ACC}"
EndProject
Project("{FAE04EC0-301F-11D3-BF4B-00C04F79EFBC}") = "ControlsTest", "ControlsTest\ControlsTest.csproj", "{896FA605-836C-437E-BD8E-0A506998D212}"
EndProject
Project("{8BC9CEB8-8B4A-11D0-8D11-00A0C91BC942}") = "CppDemo", "CppDemo\CppDemo.vcxproj", "{C265AC92-2766-4311-B16B-54246DFB7A90}"
EndProject
Project("{FAE04EC0-301F-11D3-BF4B-00C04F79EFBC}") = "Dapper", "Dapper\Dapper.csproj", "{60195158-4552-43EC-9799-316A1FAEB9E2}"
EndProject
Global
	GlobalSection(SolutionConfigurationPlatforms) = preSolution
		Debug|Any CPU = Debug|Any CPU
		Debug|x64 = Debug|x64
		Debug|x86 = Debug|x86
		Release|Any CPU = Release|Any CPU
		Release|x64 = Release|x64
		Release|x86 = Release|x86
	EndGlobalSection
	GlobalSection(ProjectConfigurationPlatforms) = postSolution
		{E344A397-206E-4024-B87B-E8A324C4F983}.Debug|Any CPU.ActiveCfg = Debug|Any CPU
		{E344A397-206E-4024-B87B-E8A324C4F983}.Debug|Any CPU.Build.0 = Debug|Any CPU
		{E344A397-206E-4024-B87B-E8A324C4F983}.Debug|x64.ActiveCfg = Debug|Any CPU
		{E344A397-206E-4024-B87B-E8A324C4F983}.Debug|x64.Build.0 = Debug|Any CPU
		{E344A397-206E-4024-B87B-E8A324C4F983}.Debug|x86.ActiveCfg = Debug|Any CPU
		{E344A397-206E-4024-B87B-E8A324C4F983}.Debug|x86.Build.0 = Debug|Any CPU
		{E344A397-206E-4024-B87B-E8A324C4F983}.Release|Any CPU.ActiveCfg = Release|Any CPU
		{E344A397-206E-4024-B87B-E8A324C4F983}.Release|Any CPU.Build.0 = Release|Any CPU
		{E344A397-206E-4024-B87B-E8A324C4F983}.Release|x64.ActiveCfg = Release|Any CPU
		{E344A397-206E-4024-B87B-E8A324C4F983}.Release|x64.Build.0 = Release|Any CPU
		{E344A397-206E-4024-B87B-E8A324C4F983}.Release|x86.ActiveCfg = Release|Any CPU
		{E344A397-206E-4024-B87B-E8A324C4F983}.Release|x86.Build.0 = Release|Any CPU
		{53535DEC-C2BE-4786-B071-3750EC907ACC}.Debug|Any CPU.ActiveCfg = Debug|Any CPU
		{53535DEC-C2BE-4786-B071-3750EC907ACC}.Debug|Any CPU.Build.0 = Debug|Any CPU
		{53535DEC-C2BE-4786-B071-3750EC907ACC}.Debug|x64.ActiveCfg = Debug|Any CPU
		{53535DEC-C2BE-4786-B071-3750EC907ACC}.Debug|x64.Build.0 = Debug|Any CPU
		{53535DEC-C2BE-4786-B071-3750EC907ACC}.Debug|x86.ActiveCfg = Debug|Any CPU
		{53535DEC-C2BE-4786-B071-3750EC907ACC}.Debug|x86.Build.0 = Debug|Any CPU
		{53535DEC-C2BE-4786-B071-3750EC907ACC}.Release|Any CPU.ActiveCfg = Release|Any CPU
		{53535DEC-C2BE-4786-B071-3750EC907ACC}.Release|Any CPU.Build.0 = Release|Any CPU
		{53535DEC-C2BE-4786-B071-3750EC907ACC}.Release|x64.ActiveCfg = Release|Any CPU
		{53535DEC-C2BE-4786-B071-3750EC907ACC}.Release|x64.Build.0 = Release|Any CPU
		{53535DEC-C2BE-4786-B071-3750EC907ACC}.Release|x86.ActiveCfg = Release|Any CPU
		{53535DEC-C2BE-4786-B071-3750EC907ACC}.Release|x86.Build.0 = Release|Any CPU
		{896FA605-836C-437E-BD8E-0A506998D212}.Debug|Any CPU.ActiveCfg = Debug|Any CPU
		{896FA605-836C-437E-BD8E-0A506998D212}.Debug|Any CPU.Build.0 = Debug|Any CPU
		{896FA605-836C-437E-BD8E-0A506998D212}.Debug|x64.ActiveCfg = Debug|Any CPU
		{896FA605-836C-437E-BD8E-0A506998D212}.Debug|x64.Build.0 = Debug|Any CPU
		{896FA605-836C-437E-BD8E-0A506998D212}.Debug|x86.ActiveCfg = Debug|Any CPU
		{896FA605-836C-437E-BD8E-0A506998D212}.Debug|x86.Build.0 = Debug|Any CPU
		{896FA605-836C-437E-BD8E-0A506998D212}.Release|Any CPU.ActiveCfg = Release|Any CPU
		{896FA605-836C-437E-BD8E-0A506998D212}.Release|Any CPU.Build.0 = Release|Any CPU
		{896FA605-836C-437E-BD8E-0A506998D212}.Release|x64.ActiveCfg = Release|Any CPU
		{896FA605-836C-437E-BD8E-0A506998D212}.Release|x64.Build.0 = Release|Any CPU
		{896FA605-836C-437E-BD8E-0A506998D212}.Release|x86.ActiveCfg = Release|Any CPU
		{896FA605-836C-437E-BD8E-0A506998D212}.Release|x86.Build.0 = Release|Any CPU
		{C265AC92-2766-4311-B16B-54246DFB7A90}.Debug|Any CPU.ActiveCfg = Debug|Win32
		{C265AC92-2766-4311-B16B-54246DFB7A90}.Debug|x64.ActiveCfg = Debug|x64
		{C265AC92-2766-4311-B16B-54246DFB7A90}.Debug|x64.Build.0 = Debug|x64
		{C265AC92-2766-4311-B16B-54246DFB7A90}.Debug|x86.ActiveCfg = Debug|Win32
		{C265AC92-2766-4311-B16B-54246DFB7A90}.Debug|x86.Build.0 = Debug|Win32
		{C265AC92-2766-4311-B16B-54246DFB7A90}.Release|Any CPU.ActiveCfg = Release|Win32
		{C265AC92-2766-4311-B16B-54246DFB7A90}.Release|x64.ActiveCfg = Release|x64
		{C265AC92-2766-4311-B16B-54246DFB7A90}.Release|x64.Build.0 = Release|x64
		{C265AC92-2766-4311-B16B-54246DFB7A90}.Release|x86.ActiveCfg = Release|Win32
		{C265AC92-2766-4311-B16B-54246DFB7A90}.Release|x86.Build.0 = Release|Win32
		{60195158-4552-43EC-9799-316A1FAEB9E2}.Debug|Any CPU.ActiveCfg = Debug|Any CPU
		{60195158-4552-43EC-9799-316A1FAEB9E2}.Debug|Any CPU.Build.0 = Debug|Any CPU
		{60195158-4552-43EC-9799-316A1FAEB9E2}.Debug|x64.ActiveCfg = Debug|Any CPU
		{60195158-4552-43EC-9799-316A1FAEB9E2}.Debug|x64.Build.0 = Debug|Any CPU
		{60195158-4552-43EC-9799-316A1FAEB9E2}.Debug|x86.ActiveCfg = Debug|Any CPU
		{60195158-4552-43EC-9799-316A1FAEB9E2}.Debug|x86.Build.0 = Debug|Any CPU
		{60195158-4552-43EC-9799-316A1FAEB9E2}.Release|Any CPU.ActiveCfg = Release|Any CPU
		{60195158-4552-43EC-9799-316A1FAEB9E2}.Release|Any CPU.Build.0 = Release|Any CPU
		{60195158-4552-43EC-9799-316A1FAEB9E2}.Release|x64.ActiveCfg = Release|Any CPU
		{60195158-4552-43EC-9799-316A1FAEB9E2}.Release|x64.Build.0 = Release|Any CPU
		{60195158-4552-43EC-9799-316A1FAEB9E2}.Release|x86.ActiveCfg = Release|Any CPU
		{60195158-4552-43EC-9799-316A1FAEB9E2}.Release|x86.Build.0 = Release|Any CPU
	EndGlobalSection
	GlobalSection(SolutionProperties) = preSolution
		HideSolutionNode = FALSE
	EndGlobalSection
EndGlobal
